// !$*UTF8*$!
{
	archiveVersion = 1;
	classes = {
	};
	objectVersion = 46;
	objects = {

/* Begin PBXBuildFile section */
		7F7A1DBD1EDA0FA0006C72C0 /* AppDelegate.swift in Sources */ = {isa = PBXBuildFile; fileRef = 7F7A1DBC1EDA0FA0006C72C0 /* AppDelegate.swift */; };
		7F7A1DBF1EDA0FA0006C72C0 /* ViewController.swift in Sources */ = {isa = PBXBuildFile; fileRef = 7F7A1DBE1EDA0FA0006C72C0 /* ViewController.swift */; };
		7F7A1DC21EDA0FA0006C72C0 /* Main.storyboard in Resources */ = {isa = PBXBuildFile; fileRef = 7F7A1DC01EDA0FA0006C72C0 /* Main.storyboard */; };
		7F7A1DC41EDA0FA1006C72C0 /* Assets.xcassets in Resources */ = {isa = PBXBuildFile; fileRef = 7F7A1DC31EDA0FA1006C72C0 /* Assets.xcassets */; };
		7F7A1DC71EDA0FA1006C72C0 /* LaunchScreen.storyboard in Resources */ = {isa = PBXBuildFile; fileRef = 7F7A1DC51EDA0FA1006C72C0 /* LaunchScreen.storyboard */; };
		7F7A1DD21EDA0FA2006C72C0 /* Image_manipulatorTests.swift in Sources */ = {isa = PBXBuildFile; fileRef = 7F7A1DD11EDA0FA2006C72C0 /* Image_manipulatorTests.swift */; };
		7F7A1DDD1EDA0FA2006C72C0 /* Image_manipulatorUITests.swift in Sources */ = {isa = PBXBuildFile; fileRef = 7F7A1DDC1EDA0FA2006C72C0 /* Image_manipulatorUITests.swift */; };
		7F7A1DEB1EDA1224006C72C0 /* RGBAImage.swift in Sources */ = {isa = PBXBuildFile; fileRef = 7F7A1DEA1EDA1224006C72C0 /* RGBAImage.swift */; };
		7FC038E61EE7110D00B228B4 /* TableViewController.swift in Sources */ = {isa = PBXBuildFile; fileRef = 7FC038E51EE7110D00B228B4 /* TableViewController.swift */; };
/* End PBXBuildFile section */

/* Begin PBXContainerItemProxy section */
		7F7A1DCE1EDA0FA2006C72C0 /* PBXContainerItemProxy */ = {
			isa = PBXContainerItemProxy;
			containerPortal = 7F7A1DB11EDA0F9F006C72C0 /* Project object */;
			proxyType = 1;
			remoteGlobalIDString = 7F7A1DB81EDA0FA0006C72C0;
			remoteInfo = "Image manipulator";
		};
		7F7A1DD91EDA0FA2006C72C0 /* PBXContainerItemProxy */ = {
			isa = PBXContainerItemProxy;
			containerPortal = 7F7A1DB11EDA0F9F006C72C0 /* Project object */;
			proxyType = 1;
			remoteGlobalIDString = 7F7A1DB81EDA0FA0006C72C0;
			remoteInfo = "Image manipulator";
		};
/* End PBXContainerItemProxy section */

/* Begin PBXFileReference section */
		7F7A1DB91EDA0FA0006C72C0 /* Image manipulator.app */ = {isa = PBXFileReference; explicitFileType = wrapper.application; includeInIndex = 0; path = "Image manipulator.app"; sourceTree = BUILT_PRODUCTS_DIR; };
		7F7A1DBC1EDA0FA0006C72C0 /* AppDelegate.swift */ = {isa = PBXFileReference; lastKnownFileType = sourcecode.swift; path = AppDelegate.swift; sourceTree = "<group>"; };
		7F7A1DBE1EDA0FA0006C72C0 /* ViewController.swift */ = {isa = PBXFileReference; lastKnownFileType = sourcecode.swift; path = ViewController.swift; sourceTree = "<group>"; };
		7F7A1DC11EDA0FA0006C72C0 /* Base */ = {isa = PBXFileReference; lastKnownFileType = file.storyboard; name = Base; path = Base.lproj/Main.storyboard; sourceTree = "<group>"; };
		7F7A1DC31EDA0FA1006C72C0 /* Assets.xcassets */ = {isa = PBXFileReference; lastKnownFileType = folder.assetcatalog; path = Assets.xcassets; sourceTree = "<group>"; };
		7F7A1DC61EDA0FA1006C72C0 /* Base */ = {isa = PBXFileReference; lastKnownFileType = file.storyboard; name = Base; path = Base.lproj/LaunchScreen.storyboard; sourceTree = "<group>"; };
		7F7A1DC81EDA0FA1006C72C0 /* Info.plist */ = {isa = PBXFileReference; lastKnownFileType = text.plist.xml; path = Info.plist; sourceTree = "<group>"; };
		7F7A1DCD1EDA0FA2006C72C0 /* Image manipulatorTests.xctest */ = {isa = PBXFileReference; explicitFileType = wrapper.cfbundle; includeInIndex = 0; path = "Image manipulatorTests.xctest"; sourceTree = BUILT_PRODUCTS_DIR; };
		7F7A1DD11EDA0FA2006C72C0 /* Image_manipulatorTests.swift */ = {isa = PBXFileReference; lastKnownFileType = sourcecode.swift; path = Image_manipulatorTests.swift; sourceTree = "<group>"; };
		7F7A1DD31EDA0FA2006C72C0 /* Info.plist */ = {isa = PBXFileReference; lastKnownFileType = text.plist.xml; path = Info.plist; sourceTree = "<group>"; };
		7F7A1DD81EDA0FA2006C72C0 /* Image manipulatorUITests.xctest */ = {isa = PBXFileReference; explicitFileType = wrapper.cfbundle; includeInIndex = 0; path = "Image manipulatorUITests.xctest"; sourceTree = BUILT_PRODUCTS_DIR; };
		7F7A1DDC1EDA0FA2006C72C0 /* Image_manipulatorUITests.swift */ = {isa = PBXFileReference; lastKnownFileType = sourcecode.swift; path = Image_manipulatorUITests.swift; sourceTree = "<group>"; };
		7F7A1DDE1EDA0FA2006C72C0 /* Info.plist */ = {isa = PBXFileReference; lastKnownFileType = text.plist.xml; path = Info.plist; sourceTree = "<group>"; };
		7F7A1DEA1EDA1224006C72C0 /* RGBAImage.swift */ = {isa = PBXFileReference; fileEncoding = 4; lastKnownFileType = sourcecode.swift; path = RGBAImage.swift; sourceTree = "<group>"; };
		7FC038E51EE7110D00B228B4 /* TableViewController.swift */ = {isa = PBXFileReference; fileEncoding = 4; lastKnownFileType = sourcecode.swift; path = TableViewController.swift; sourceTree = "<group>"; };
/* End PBXFileReference section */

/* Begin PBXFrameworksBuildPhase section */
		7F7A1DB61EDA0FA0006C72C0 /* Frameworks */ = {
			isa = PBXFrameworksBuildPhase;
			buildActionMask = 2147483647;
			files = (
			);
			runOnlyForDeploymentPostprocessing = 0;
		};
		7F7A1DCA1EDA0FA2006C72C0 /* Frameworks */ = {
			isa = PBXFrameworksBuildPhase;
			buildActionMask = 2147483647;
			files = (
			);
			runOnlyForDeploymentPostprocessing = 0;
		};
		7F7A1DD51EDA0FA2006C72C0 /* Frameworks */ = {
			isa = PBXFrameworksBuildPhase;
			buildActionMask = 2147483647;
			files = (
			);
			runOnlyForDeploymentPostprocessing = 0;
		};
/* End PBXFrameworksBuildPhase section */

/* Begin PBXGroup section */
		7F7A1DB01EDA0F9F006C72C0 = {
			isa = PBXGroup;
			children = (
				7F7A1DBB1EDA0FA0006C72C0 /* Image manipulator */,
				7F7A1DD01EDA0FA2006C72C0 /* Image manipulatorTests */,
				7F7A1DDB1EDA0FA2006C72C0 /* Image manipulatorUITests */,
				7F7A1DBA1EDA0FA0006C72C0 /* Products */,
			);
			sourceTree = "<group>";
		};
		7F7A1DBA1EDA0FA0006C72C0 /* Products */ = {
			isa = PBXGroup;
			children = (
				7F7A1DB91EDA0FA0006C72C0 /* Image manipulator.app */,
				7F7A1DCD1EDA0FA2006C72C0 /* Image manipulatorTests.xctest */,
				7F7A1DD81EDA0FA2006C72C0 /* Image manipulatorUITests.xctest */,
			);
			name = Products;
			sourceTree = "<group>";
		};
		7F7A1DBB1EDA0FA0006C72C0 /* Image manipulator */ = {
			isa = PBXGroup;
			children = (
				7F7A1DBC1EDA0FA0006C72C0 /* AppDelegate.swift */,
				7F7A1DBE1EDA0FA0006C72C0 /* ViewController.swift */,
				7FC038E51EE7110D00B228B4 /* TableViewController.swift */,
				7F7A1DEA1EDA1224006C72C0 /* RGBAImage.swift */,
				7F7A1DC01EDA0FA0006C72C0 /* Main.storyboard */,
				7F7A1DC31EDA0FA1006C72C0 /* Assets.xcassets */,
				7F7A1DC51EDA0FA1006C72C0 /* LaunchScreen.storyboard */,
				7F7A1DC81EDA0FA1006C72C0 /* Info.plist */,
			);
			path = "Image manipulator";
			sourceTree = "<group>";
		};
		7F7A1DD01EDA0FA2006C72C0 /* Image manipulatorTests */ = {
			isa = PBXGroup;
			children = (
				7F7A1DD11EDA0FA2006C72C0 /* Image_manipulatorTests.swift */,
				7F7A1DD31EDA0FA2006C72C0 /* Info.plist */,
			);
			path = "Image manipulatorTests";
			sourceTree = "<group>";
		};
		7F7A1DDB1EDA0FA2006C72C0 /* Image manipulatorUITests */ = {
			isa = PBXGroup;
			children = (
				7F7A1DDC1EDA0FA2006C72C0 /* Image_manipulatorUITests.swift */,
				7F7A1DDE1EDA0FA2006C72C0 /* Info.plist */,
			);
			path = "Image manipulatorUITests";
			sourceTree = "<group>";
		};
/* End PBXGroup section */

/* Begin PBXNativeTarget section */
		7F7A1DB81EDA0FA0006C72C0 /* Image manipulator */ = {
			isa = PBXNativeTarget;
			buildConfigurationList = 7F7A1DE11EDA0FA2006C72C0 /* Build configuration list for PBXNativeTarget "Image manipulator" */;
			buildPhases = (
				7F7A1DB51EDA0FA0006C72C0 /* Sources */,
				7F7A1DB61EDA0FA0006C72C0 /* Frameworks */,
				7F7A1DB71EDA0FA0006C72C0 /* Resources */,
			);
			buildRules = (
			);
			dependencies = (
			);
			name = "Image manipulator";
			productName = "Image manipulator";
			productReference = 7F7A1DB91EDA0FA0006C72C0 /* Image manipulator.app */;
			productType = "com.apple.product-type.application";
		};
		7F7A1DCC1EDA0FA2006C72C0 /* Image manipulatorTests */ = {
			isa = PBXNativeTarget;
			buildConfigurationList = 7F7A1DE41EDA0FA2006C72C0 /* Build configuration list for PBXNativeTarget "Image manipulatorTests" */;
			buildPhases = (
				7F7A1DC91EDA0FA2006C72C0 /* Sources */,
				7F7A1DCA1EDA0FA2006C72C0 /* Frameworks */,
				7F7A1DCB1EDA0FA2006C72C0 /* Resources */,
			);
			buildRules = (
			);
			dependencies = (
				7F7A1DCF1EDA0FA2006C72C0 /* PBXTargetDependency */,
			);
			name = "Image manipulatorTests";
			productName = "Image manipulatorTests";
			productReference = 7F7A1DCD1EDA0FA2006C72C0 /* Image manipulatorTests.xctest */;
			productType = "com.apple.product-type.bundle.unit-test";
		};
		7F7A1DD71EDA0FA2006C72C0 /* Image manipulatorUITests */ = {
			isa = PBXNativeTarget;
			buildConfigurationList = 7F7A1DE71EDA0FA2006C72C0 /* Build configuration list for PBXNativeTarget "Image manipulatorUITests" */;
			buildPhases = (
				7F7A1DD41EDA0FA2006C72C0 /* Sources */,
				7F7A1DD51EDA0FA2006C72C0 /* Frameworks */,
				7F7A1DD61EDA0FA2006C72C0 /* Resources */,
			);
			buildRules = (
			);
			dependencies = (
				7F7A1DDA1EDA0FA2006C72C0 /* PBXTargetDependency */,
			);
			name = "Image manipulatorUITests";
			productName = "Image manipulatorUITests";
			productReference = 7F7A1DD81EDA0FA2006C72C0 /* Image manipulatorUITests.xctest */;
			productType = "com.apple.product-type.bundle.ui-testing";
		};
/* End PBXNativeTarget section */

/* Begin PBXProject section */
		7F7A1DB11EDA0F9F006C72C0 /* Project object */ = {
			isa = PBXProject;
			attributes = {
				LastSwiftUpdateCheck = 0730;
				LastUpgradeCheck = 0730;
				ORGANIZATIONNAME = LeviLevi;
				TargetAttributes = {
					7F7A1DB81EDA0FA0006C72C0 = {
						CreatedOnToolsVersion = 7.3.1;
					};
					7F7A1DCC1EDA0FA2006C72C0 = {
						CreatedOnToolsVersion = 7.3.1;
						TestTargetID = 7F7A1DB81EDA0FA0006C72C0;
					};
					7F7A1DD71EDA0FA2006C72C0 = {
						CreatedOnToolsVersion = 7.3.1;
						TestTargetID = 7F7A1DB81EDA0FA0006C72C0;
					};
				};
			};
			buildConfigurationList = 7F7A1DB41EDA0F9F006C72C0 /* Build configuration list for PBXProject "Image manipulator" */;
			compatibilityVersion = "Xcode 3.2";
			developmentRegion = English;
			hasScannedForEncodings = 0;
			knownRegions = (
				en,
				Base,
			);
			mainGroup = 7F7A1DB01EDA0F9F006C72C0;
			productRefGroup = 7F7A1DBA1EDA0FA0006C72C0 /* Products */;
			projectDirPath = "";
			projectRoot = "";
			targets = (
				7F7A1DB81EDA0FA0006C72C0 /* Image manipulator */,
				7F7A1DCC1EDA0FA2006C72C0 /* Image manipulatorTests */,
				7F7A1DD71EDA0FA2006C72C0 /* Image manipulatorUITests */,
			);
		};
/* End PBXProject section */

/* Begin PBXResourcesBuildPhase section */
		7F7A1DB71EDA0FA0006C72C0 /* Resources */ = {
			isa = PBXResourcesBuildPhase;
			buildActionMask = 2147483647;
			files = (
				7F7A1DC71EDA0FA1006C72C0 /* LaunchScreen.storyboard in Resources */,
				7F7A1DC41EDA0FA1006C72C0 /* Assets.xcassets in Resources */,
				7F7A1DC21EDA0FA0006C72C0 /* Main.storyboard in Resources */,
			);
			runOnlyForDeploymentPostprocessing = 0;
		};
		7F7A1DCB1EDA0FA2006C72C0 /* Resources */ = {
			isa = PBXResourcesBuildPhase;
			buildActionMask = 2147483647;
			files = (
			);
			runOnlyForDeploymentPostprocessing = 0;
		};
		7F7A1DD61EDA0FA2006C72C0 /* Resources */ = {
			isa = PBXResourcesBuildPhase;
			buildActionMask = 2147483647;
			files = (
			);
			runOnlyForDeploymentPostprocessing = 0;
		};
/* End PBXResourcesBuildPhase section */

/* Begin PBXSourcesBuildPhase section */
		7F7A1DB51EDA0FA0006C72C0 /* Sources */ = {
			isa = PBXSourcesBuildPhase;
			buildActionMask = 2147483647;
			files = (
				7F7A1DBF1EDA0FA0006C72C0 /* ViewController.swift in Sources */,
				7F7A1DEB1EDA1224006C72C0 /* RGBAImage.swift in Sources */,
				7F7A1DBD1EDA0FA0006C72C0 /* AppDelegate.swift in Sources */,
				7FC038E61EE7110D00B228B4 /* TableViewController.swift in Sources */,
			);
			runOnlyForDeploymentPostprocessing = 0;
		};
		7F7A1DC91EDA0FA2006C72C0 /* Sources */ = {
			isa = PBXSourcesBuildPhase;
			buildActionMask = 2147483647;
			files = (
				7F7A1DD21EDA0FA2006C72C0 /* Image_manipulatorTests.swift in Sources */,
			);
			runOnlyForDeploymentPostprocessing = 0;
		};
		7F7A1DD41EDA0FA2006C72C0 /* Sources */ = {
			isa = PBXSourcesBuildPhase;
			buildActionMask = 2147483647;
			files = (
				7F7A1DDD1EDA0FA2006C72C0 /* Image_manipulatorUITests.swift in Sources */,
			);
			runOnlyForDeploymentPostprocessing = 0;
		};
/* End PBXSourcesBuildPhase section */

/* Begin PBXTargetDependency section */
		7F7A1DCF1EDA0FA2006C72C0 /* PBXTargetDependency */ = {
			isa = PBXTargetDependency;
			target = 7F7A1DB81EDA0FA0006C72C0 /* Image manipulator */;
			targetProxy = 7F7A1DCE1EDA0FA2006C72C0 /* PBXContainerItemProxy */;
		};
		7F7A1DDA1EDA0FA2006C72C0 /* PBXTargetDependency */ = {
			isa = PBXTargetDependency;
			target = 7F7A1DB81EDA0FA0006C72C0 /* Image manipulator */;
			targetProxy = 7F7A1DD91EDA0FA2006C72C0 /* PBXContainerItemProxy */;
		};
/* End PBXTargetDependency section */

/* Begin PBXVariantGroup section */
		7F7A1DC01EDA0FA0006C72C0 /* Main.storyboard */ = {
			isa = PBXVariantGroup;
			children = (
				7F7A1DC11EDA0FA0006C72C0 /* Base */,
			);
			name = Main.storyboard;
			sourceTree = "<group>";
		};
		7F7A1DC51EDA0FA1006C72C0 /* LaunchScreen.storyboard */ = {
			isa = PBXVariantGroup;
			children = (
				7F7A1DC61EDA0FA1006C72C0 /* Base */,
			);
			name = LaunchScreen.storyboard;
			sourceTree = "<group>";
		};
/* End PBXVariantGroup section */

/* Begin XCBuildConfiguration section */
		7F7A1DDF1EDA0FA2006C72C0 /* Debug */ = {
			isa = XCBuildConfiguration;
			buildSettings = {
				ALWAYS_SEARCH_USER_PATHS = NO;
				CLANG_ANALYZER_NONNULL = YES;
				CLANG_CXX_LANGUAGE_STANDARD = "gnu++0x";
				CLANG_CXX_LIBRARY = "libc++";
				CLANG_ENABLE_MODULES = YES;
				CLANG_ENABLE_OBJC_ARC = YES;
				CLANG_WARN_BOOL_CONVERSION = YES;
				CLANG_WARN_CONSTANT_CONVERSION = YES;
				CLANG_WARN_DIRECT_OBJC_ISA_USAGE = YES_ERROR;
				CLANG_WARN_EMPTY_BODY = YES;
				CLANG_WARN_ENUM_CONVERSION = YES;
				CLANG_WARN_INT_CONVERSION = YES;
				CLANG_WARN_OBJC_ROOT_CLASS = YES_ERROR;
				CLANG_WARN_UNREACHABLE_CODE = YES;
				CLANG_WARN__DUPLICATE_METHOD_MATCH = YES;
				"CODE_SIGN_IDENTITY[sdk=iphoneos*]" = "iPhone Developer";
				COPY_PHASE_STRIP = NO;
				DEBUG_INFORMATION_FORMAT = dwarf;
				ENABLE_STRICT_OBJC_MSGSEND = YES;
				ENABLE_TESTABILITY = YES;
				GCC_C_LANGUAGE_STANDARD = gnu99;
				GCC_DYNAMIC_NO_PIC = NO;
				GCC_NO_COMMON_BLOCKS = YES;
				GCC_OPTIMIZATION_LEVEL = 0;
				GCC_PREPROCESSOR_DEFINITIONS = (
					"DEBUG=1",
					"$(inherited)",
				);
				GCC_WARN_64_TO_32_BIT_CONVERSION = YES;
				GCC_WARN_ABOUT_RETURN_TYPE = YES_ERROR;
				GCC_WARN_UNDECLARED_SELECTOR = YES;
				GCC_WARN_UNINITIALIZED_AUTOS = YES_AGGRESSIVE;
				GCC_WARN_UNUSED_FUNCTION = YES;
				GCC_WARN_UNUSED_VARIABLE = YES;
				IPHONEOS_DEPLOYMENT_TARGET = 9.3;
				MTL_ENABLE_DEBUG_INFO = YES;
				ONLY_ACTIVE_ARCH = YES;
				SDKROOT = iphoneos;
				SWIFT_OPTIMIZATION_LEVEL = "-Onone";
				TARGETED_DEVICE_FAMILY = "1,2";
			};
			name = Debug;
		};
		7F7A1DE01EDA0FA2006C72C0 /* Release */ = {
			isa = XCBuildConfiguration;
			buildSettings = {
				ALWAYS_SEARCH_USER_PATHS = NO;
				CLANG_ANALYZER_NONNULL = YES;
				CLANG_CXX_LANGUAGE_STANDARD = "gnu++0x";
				CLANG_CXX_LIBRARY = "libc++";
				CLANG_ENABLE_MODULES = YES;
				CLANG_ENABLE_OBJC_ARC = YES;
				CLANG_WARN_BOOL_CONVERSION = YES;
				CLANG_WARN_CONSTANT_CONVERSION = YES;
				CLANG_WARN_DIRECT_OBJC_ISA_USAGE = YES_ERROR;
				CLANG_WARN_EMPTY_BODY = YES;
				CLANG_WARN_ENUM_CONVERSION = YES;
				CLANG_WARN_INT_CONVERSION = YES;
				CLANG_WARN_OBJC_ROOT_CLASS = YES_ERROR;
				CLANG_WARN_UNREACHABLE_CODE = YES;
				CLANG_WARN__DUPLICATE_METHOD_MATCH = YES;
				"CODE_SIGN_IDENTITY[sdk=iphoneos*]" = "iPhone Developer";
				COPY_PHASE_STRIP = NO;
				DEBUG_INFORMATION_FORMAT = "dwarf-with-dsym";
				ENABLE_NS_ASSERTIONS = NO;
				ENABLE_STRICT_OBJC_MSGSEND = YES;
				GCC_C_LANGUAGE_STANDARD = gnu99;
				GCC_NO_COMMON_BLOCKS = YES;
				GCC_WARN_64_TO_32_BIT_CONVERSION = YES;
				GCC_WARN_ABOUT_RETURN_TYPE = YES_ERROR;
				GCC_WARN_UNDECLARED_SELECTOR = YES;
				GCC_WARN_UNINITIALIZED_AUTOS = YES_AGGRESSIVE;
				GCC_WARN_UNUSED_FUNCTION = YES;
				GCC_WARN_UNUSED_VARIABLE = YES;
				IPHONEOS_DEPLOYMENT_TARGET = 9.3;
				MTL_ENABLE_DEBUG_INFO = NO;
				SDKROOT = iphoneos;
				TARGETED_DEVICE_FAMILY = "1,2";
				VALIDATE_PRODUCT = YES;
			};
			name = Release;
		};
		7F7A1DE21EDA0FA2006C72C0 /* Debug */ = {
			isa = XCBuildConfiguration;
			buildSettings = {
				ASSETCATALOG_COMPILER_APPICON_NAME = AppIcon;
				INFOPLIST_FILE = "Image manipulator/Info.plist";
				LD_RUNPATH_SEARCH_PATHS = "$(inherited) @executable_path/Frameworks";
				PRODUCT_BUNDLE_IDENTIFIER = "com.levi.Image-manipulator";
				PRODUCT_NAME = "$(TARGET_NAME)";
			};
			name = Debug;
		};
		7F7A1DE31EDA0FA2006C72C0 /* Release */ = {
			isa = XCBuildConfiguration;
			buildSettings = {
				ASSETCATALOG_COMPILER_APPICON_NAME = AppIcon;
				INFOPLIST_FILE = "Image manipulator/Info.plist";
				LD_RUNPATH_SEARCH_PATHS = "$(inherited) @executable_path/Frameworks";
				PRODUCT_BUNDLE_IDENTIFIER = "com.levi.Image-manipulator";
				PRODUCT_NAME = "$(TARGET_NAME)";
			};
			name = Release;
		};
		7F7A1DE51EDA0FA2006C72C0 /* Debug */ = {
			isa = XCBuildConfiguration;
			buildSettings = {
				BUNDLE_LOADER = "$(TEST_HOST)";
				INFOPLIST_FILE = "Image manipulatorTests/Info.plist";
				LD_RUNPATH_SEARCH_PATHS = "$(inherited) @executable_path/Frameworks @loader_path/Frameworks";
				PRODUCT_BUNDLE_IDENTIFIER = "com.levi.Image-manipulatorTests";
				PRODUCT_NAME = "$(TARGET_NAME)";
				TEST_HOST = "$(BUILT_PRODUCTS_DIR)/Image manipulator.app/Image manipulator";
			};
			name = Debug;
		};
		7F7A1DE61EDA0FA2006C72C0 /* Release */ = {
			isa = XCBuildConfiguration;
			buildSettings = {
				BUNDLE_LOADER = "$(TEST_HOST)";
				INFOPLIST_FILE = "Image manipulatorTests/Info.plist";
				LD_RUNPATH_SEARCH_PATHS = "$(inherited) @executable_path/Frameworks @loader_path/Frameworks";
				PRODUCT_BUNDLE_IDENTIFIER = "com.levi.Image-manipulatorTests";
				PRODUCT_NAME = "$(TARGET_NAME)";
				TEST_HOST = "$(BUILT_PRODUCTS_DIR)/Image manipulator.app/Image manipulator";
			};
			name = Release;
		};
		7F7A1DE81EDA0FA2006C72C0 /* Debug */ = {
			isa = XCBuildConfiguration;
			buildSettings = {
				INFOPLIST_FILE = "Image manipulatorUITests/Info.plist";
				LD_RUNPATH_SEARCH_PATHS = "$(inherited) @executable_path/Frameworks @loader_path/Frameworks";
				PRODUCT_BUNDLE_IDENTIFIER = "com.levi.Image-manipulatorUITests";
				PRODUCT_NAME = "$(TARGET_NAME)";
				TEST_TARGET_NAME = "Image manipulator";
			};
			name = Debug;
		};
		7F7A1DE91EDA0FA2006C72C0 /* Release */ = {
			isa = XCBuildConfiguration;
			buildSettings = {
				INFOPLIST_FILE = "Image manipulatorUITests/Info.plist";
				LD_RUNPATH_SEARCH_PATHS = "$(inherited) @executable_path/Frameworks @loader_path/Frameworks";
				PRODUCT_BUNDLE_IDENTIFIER = "com.levi.Image-manipulatorUITests";
				PRODUCT_NAME = "$(TARGET_NAME)";
				TEST_TARGET_NAME = "Image manipulator";
			};
			name = Release;
		};
/* End XCBuildConfiguration section */

/* Begin XCConfigurationList section */
		7F7A1DB41EDA0F9F006C72C0 /* Build configuration list for PBXProject "Image manipulator" */ = {
			isa = XCConfigurationList;
			buildConfigurations = (
				7F7A1DDF1EDA0FA2006C72C0 /* Debug */,
				7F7A1DE01EDA0FA2006C72C0 /* Release */,
			);
			defaultConfigurationIsVisible = 0;
			defaultConfigurationName = Release;
		};
		7F7A1DE11EDA0FA2006C72C0 /* Build configuration list for PBXNativeTarget "Image manipulator" */ = {
			isa = XCConfigurationList;
			buildConfigurations = (
				7F7A1DE21EDA0FA2006C72C0 /* Debug */,
				7F7A1DE31EDA0FA2006C72C0 /* Release */,
			);
			defaultConfigurationIsVisible = 0;
			defaultConfigurationName = Release;
		};
		7F7A1DE41EDA0FA2006C72C0 /* Build configuration list for PBXNativeTarget "Image manipulatorTests" */ = {
			isa = XCConfigurationList;
			buildConfigurations = (
				7F7A1DE51EDA0FA2006C72C0 /* Debug */,
				7F7A1DE61EDA0FA2006C72C0 /* Release */,
			);
			defaultConfigurationIsVisible = 0;
			defaultConfigurationName = Release;
		};
		7F7A1DE71EDA0FA2006C72C0 /* Build configuration list for PBXNativeTarget "Image manipulatorUITests" */ = {
			isa = XCConfigurationList;
			buildConfigurations = (
				7F7A1DE81EDA0FA2006C72C0 /* Debug */,
				7F7A1DE91EDA0FA2006C72C0 /* Release */,
			);
			defaultConfigurationIsVisible = 0;
			defaultConfigurationName = Release;
		};
/* End XCConfigurationList section */
	};
	rootObject = 7F7A1DB11EDA0F9F006C72C0 /* Project object */;
}
